
Microsoft Visual Studio Solution File, Format Version 12.00
# Visual Studio Version 17
VisualStudioVersion = 17.6.33723.286
MinimumVisualStudioVersion = 10.0.40219.1
Project("{FAE04EC0-301F-11D3-BF4B-00C04F79EFBC}") = "Fundamental", "Fundamental\Fundamental.csproj", "{55366005-124C-4F2A-8103-16EBCA18D92A}"
EndProject
Global
	GlobalSection(SolutionConfigurationPlatforms) = preSolution
		Debug|Any CPU = Debug|Any CPU
		Release|Any CPU = Release|Any CPU
	EndGlobalSection
	GlobalSection(ProjectConfigurationPlatforms) = postSolution
		{55366005-124C-4F2A-8103-16EBCA18D92A}.Debug|Any CPU.ActiveCfg = Debug|Any CPU
		{55366005-124C-4F2A-8103-16EBCA18D92A}.Debug|Any CPU.Build.0 = Debug|Any CPU
		{55366005-124C-4F2A-8103-16EBCA18D92A}.Release|Any CPU.ActiveCfg = Release|Any CPU
		{55366005-124C-4F2A-8103-16EBCA18D92A}.Release|Any CPU.Build.0 = Release|Any CPU
	EndGlobalSection
	GlobalSection(SolutionProperties) = preSolution
		HideSolutionNode = FALSE
	EndGlobalSection
	GlobalSection(ExtensibilityGlobals) = postSolution
		SolutionGuid = {D7B7D614-EC1D-424B-9F25-B5C4A1D875AC}
	EndGlobalSection
EndGlobal
